Microsoft Visual Studio Solution File, Format Version 12.00
# Visual Studio Version 17
VisualStudioVersion = 17.5.2.0
MinimumVisualStudioVersion = 10.0.40219.1
Project("{FAE04EC0-301F-11D3-BF4B-00C04F79EFBC}") = "SafeVaultApp", "SafeVaultApp.csproj", "{F1CBF919-09B9-9600-A58B-CC088A76B322}"
EndProject
Global
	GlobalSection(SolutionConfigurationPlatforms) = preSolution
		Debug|Any CPU = Debug|Any CPU
		Release|Any CPU = Release|Any CPU
	EndGlobalSection
	GlobalSection(ProjectConfigurationPlatforms) = postSolution
		{F1CBF919-09B9-9600-A58B-CC088A76B322}.Debug|Any CPU.ActiveCfg = Debug|Any CPU
		{F1CBF919-09B9-9600-A58B-CC088A76B322}.Debug|Any CPU.Build.0 = Debug|Any CPU
		{F1CBF919-09B9-9600-A58B-CC088A76B322}.Release|Any CPU.ActiveCfg = Release|Any CPU
		{F1CBF919-09B9-9600-A58B-CC088A76B322}.Release|Any CPU.Build.0 = Release|Any CPU
	EndGlobalSection
	GlobalSection(SolutionProperties) = preSolution
		HideSolutionNode = FALSE
	EndGlobalSection
	GlobalSection(ExtensibilityGlobals) = postSolution
		SolutionGuid = {A573ECBC-073E-4D93-B455-AE66AEC3DA46}
	EndGlobalSection
EndGlobal
